
Microsoft Visual Studio Solution File, Format Version 12.00
# Visual Studio 15
Project("{FAE04EC0-301F-11D3-BF4B-00C04F79EFBC}") = "DarkAdventure", "DarkAdventure.csproj", "{A48C4C8D-90B4-EEED-BDE5-6F618511EA48}"
EndProject
Project("{FAE04EC0-301F-11D3-BF4B-00C04F79EFBC}") = "DarkAdventure.Editor", "DarkAdventure.Editor.csproj", "{E8A5B001-E1DE-39E3-A796-C789C48144B0}"
EndProject
Global
	GlobalSection(SolutionConfigurationPlatforms) = preSolution
		Debug|Any CPU = Debug|Any CPU
		Release|Any CPU = Release|Any CPU
	EndGlobalSection
	GlobalSection(ProjectConfigurationPlatforms) = postSolution
		{A48C4C8D-90B4-EEED-BDE5-6F618511EA48}.Debug|Any CPU.ActiveCfg = Debug|Any CPU
		{A48C4C8D-90B4-EEED-BDE5-6F618511EA48}.Debug|Any CPU.Build.0 = Debug|Any CPU
		{A48C4C8D-90B4-EEED-BDE5-6F618511EA48}.Release|Any CPU.ActiveCfg = Release|Any CPU
		{A48C4C8D-90B4-EEED-BDE5-6F618511EA48}.Release|Any CPU.Build.0 = Release|Any CPU
		{E8A5B001-E1DE-39E3-A796-C789C48144B0}.Debug|Any CPU.ActiveCfg = Debug|Any CPU
		{E8A5B001-E1DE-39E3-A796-C789C48144B0}.Debug|Any CPU.Build.0 = Debug|Any CPU
		{E8A5B001-E1DE-39E3-A796-C789C48144B0}.Release|Any CPU.ActiveCfg = Release|Any CPU
		{E8A5B001-E1DE-39E3-A796-C789C48144B0}.Release|Any CPU.Build.0 = Release|Any CPU
	EndGlobalSection
	GlobalSection(SolutionProperties) = preSolution
		HideSolutionNode = FALSE
	EndGlobalSection
EndGlobal
